
Microsoft Visual Studio Solution File, Format Version 12.00
# Visual Studio Version 17
VisualStudioVersion = 17.11.35312.102
MinimumVisualStudioVersion = 10.0.40219.1
Project("{FAE04EC0-301F-11D3-BF4B-00C04F79EFBC}") = "XO", "XO\XO.csproj", "{DFA91D54-E13C-4B3F-9D5E-B8258DA40CA4}"
EndProject
Global
	GlobalSection(SolutionConfigurationPlatforms) = preSolution
		Debug|Any CPU = Debug|Any CPU
		Release|Any CPU = Release|Any CPU
	EndGlobalSection
	GlobalSection(ProjectConfigurationPlatforms) = postSolution
		{DFA91D54-E13C-4B3F-9D5E-B8258DA40CA4}.Debug|Any CPU.ActiveCfg = Debug|Any CPU
		{DFA91D54-E13C-4B3F-9D5E-B8258DA40CA4}.Debug|Any CPU.Build.0 = Debug|Any CPU
		{DFA91D54-E13C-4B3F-9D5E-B8258DA40CA4}.Release|Any CPU.ActiveCfg = Release|Any CPU
		{DFA91D54-E13C-4B3F-9D5E-B8258DA40CA4}.Release|Any CPU.Build.0 = Release|Any CPU
	EndGlobalSection
	GlobalSection(SolutionProperties) = preSolution
		HideSolutionNode = FALSE
	EndGlobalSection
	GlobalSection(ExtensibilityGlobals) = postSolution
		SolutionGuid = {E01298EB-03C0-4C58-A674-4BCA02D46B3F}
	EndGlobalSection
EndGlobal
